
Microsoft Visual Studio Solution File, Format Version 12.00
# Visual Studio 15
VisualStudioVersion = 15.0.28307.271
MinimumVisualStudioVersion = 10.0.40219.1
Project("{FAE04EC0-301F-11D3-BF4B-00C04F79EFBC}") = "CarProperty", "CarProperty\CarProperty.csproj", "{903F159F-2D1E-4AE7-8A7D-12900837BFE1}"
EndProject
Global
	GlobalSection(SolutionConfigurationPlatforms) = preSolution
		Debug|Any CPU = Debug|Any CPU
		Release|Any CPU = Release|Any CPU
	EndGlobalSection
	GlobalSection(ProjectConfigurationPlatforms) = postSolution
		{903F159F-2D1E-4AE7-8A7D-12900837BFE1}.Debug|Any CPU.ActiveCfg = Debug|Any CPU
		{903F159F-2D1E-4AE7-8A7D-12900837BFE1}.Debug|Any CPU.Build.0 = Debug|Any CPU
		{903F159F-2D1E-4AE7-8A7D-12900837BFE1}.Release|Any CPU.ActiveCfg = Release|Any CPU
		{903F159F-2D1E-4AE7-8A7D-12900837BFE1}.Release|Any CPU.Build.0 = Release|Any CPU
	EndGlobalSection
	GlobalSection(SolutionProperties) = preSolution
		HideSolutionNode = FALSE
	EndGlobalSection
	GlobalSection(ExtensibilityGlobals) = postSolution
		SolutionGuid = {FD9FE0D5-0DAB-488F-90F9-31B583073016}
	EndGlobalSection
EndGlobal
