
Microsoft Visual Studio Solution File, Format Version 12.00
# Visual Studio 15
VisualStudioVersion = 15.0.28307.271
MinimumVisualStudioVersion = 10.0.40219.1
Project("{FAE04EC0-301F-11D3-BF4B-00C04F79EFBC}") = "DateTimeLesson", "DateTimeLesson\DateTimeLesson.csproj", "{015D195D-3D96-4740-B1AA-A5FF11119C09}"
EndProject
Global
	GlobalSection(SolutionConfigurationPlatforms) = preSolution
		Debug|Any CPU = Debug|Any CPU
		Release|Any CPU = Release|Any CPU
	EndGlobalSection
	GlobalSection(ProjectConfigurationPlatforms) = postSolution
		{015D195D-3D96-4740-B1AA-A5FF11119C09}.Debug|Any CPU.ActiveCfg = Debug|Any CPU
		{015D195D-3D96-4740-B1AA-A5FF11119C09}.Debug|Any CPU.Build.0 = Debug|Any CPU
		{015D195D-3D96-4740-B1AA-A5FF11119C09}.Release|Any CPU.ActiveCfg = Release|Any CPU
		{015D195D-3D96-4740-B1AA-A5FF11119C09}.Release|Any CPU.Build.0 = Release|Any CPU
	EndGlobalSection
	GlobalSection(SolutionProperties) = preSolution
		HideSolutionNode = FALSE
	EndGlobalSection
	GlobalSection(ExtensibilityGlobals) = postSolution
		SolutionGuid = {8498CD00-E621-408D-AC3B-365D0ADB5726}
	EndGlobalSection
EndGlobal
